lockfileVersion: '9.0'

settings:
  autoInstallPeers: true
  excludeLinksFromLockfile: false

importers:

  .:
    dependencies:
      '@doichain/orbitdb':
        specifier: 2.4.3
        version: 2.4.3
      dotenv:
        specifier: ^16.4.5
        version: 16.4.5
      localforage:
        specifier: ^1.10.0
        version: 1.10.0
      p-queue:
        specifier: ^8.0.1
        version: 8.0.1
      yargs:
        specifier: ^17.7.2
        version: 17.7.2

packages:

  '@chainsafe/is-ip@2.0.2':
    resolution: {integrity: sha512-ndGqEMG1W5WkGagaqOZHpPU172AGdxr+LD15sv3WIUvT5oCFUrG1Y0CW/v2Egwj4JXEvSibaIIIqImsm98y1nA==}

  '@chainsafe/netmask@2.0.0':
    resolution: {integrity: sha512-I3Z+6SWUoaljh3TBzCnCxjlUyN8tA+NAk5L6m9IxvCf1BENQTePzPMis97CoN/iMW1St3WN+AWCCRp+TTBRiDg==}

  '@doichain/orbitdb@2.4.3':
    resolution: {integrity: sha512-a0E4gY9v99Ujsh5Srfh1/YFjRxJ35XxESm25cGkhfSyycdCUWMk6JQLq5MYK8Dff5ieqHFAEjzWVbNdSNqYiNw==}
    engines: {node: '>=20.0.0'}

  '@ipld/dag-cbor@9.2.2':
    resolution: {integrity: sha512-uIEOuruCqKTP50OBWwgz4Js2+LhiBQaxc57cnP71f45b1mHEAo1OCR1Zn/TbvSW/mV1x+JqhacIktkKyaYqhCw==}
    engines: {node: '>=16.0.0', npm: '>=7.0.0'}

  '@leichtgewicht/ip-codec@2.0.5':
    resolution: {integrity: sha512-Vo+PSpZG2/fmgmiNzYK9qWRh8h/CHrwD0mo1h1DzL4yzHNSfWYujGTYsWGreD000gcgmZ7K4Ys6Tx9TxtsKdDw==}

  '@libp2p/crypto@5.0.7':
    resolution: {integrity: sha512-hv0rv/BPBsmSV5GBtaLZpOEv1LsA+Ub0BEDnEvSdB0ZbZ3Fcdlt5HTaJ2jYz4lx2T7KWTFQa9i1elmlGxwuJNg==}

  '@libp2p/interface@2.2.1':
    resolution: {integrity: sha512-5dvsnf9+S5DoXCk5H3HNpe8lKzuXTi0k2On8Cdqr6YrkmrhCimow63AxtaUOVkH7GVBTTi8Q1jSx3aleX7KcEA==}

  '@multiformats/dns@1.0.6':
    resolution: {integrity: sha512-nt/5UqjMPtyvkG9BQYdJ4GfLK3nMqGpFZOzf4hAmIa0sJh2LlS9YKXZ4FgwBDsaHvzZqR/rUFIywIc7pkHNNuw==}

  '@multiformats/multiaddr@12.3.4':
    resolution: {integrity: sha512-R4pEEUyWGrRo16TSflz80Yr6XNbPirix1pfPqDLXsDZ4aaIrhZ7cez9jnyRQgci6DuuqSyZAdJKV6SdxpZ7Oiw==}

  '@noble/curves@1.7.0':
    resolution: {integrity: sha512-UTMhXK9SeDhFJVrHeUJ5uZlI6ajXg10O6Ddocf9S6GjbSBVZsJo88HzKwXznNfGpMTRDyJkqMjNDPYgf0qFWnw==}
    engines: {node: ^14.21.3 || >=16}

  '@noble/hashes@1.6.0':
    resolution: {integrity: sha512-YUULf0Uk4/mAA89w+k3+yUYh6NrEvxZa5T6SY3wlMvE2chHkxFUUIDI8/XW1QSC357iA5pSnqt7XEhvFOqmDyQ==}
    engines: {node: ^14.21.3 || >=16}

  '@noble/hashes@1.6.1':
    resolution: {integrity: sha512-pq5D8h10hHBjyqX+cfBm0i8JUXJ0UhczFc4r74zbuT9XgewFo2E3J1cOaGtdZynILNmQ685YWGzGE1Zv6io50w==}
    engines: {node: ^14.21.3 || >=16}

  '@types/dns-packet@5.6.5':
    resolution: {integrity: sha512-qXOC7XLOEe43ehtWJCMnQXvgcIpv6rPmQ1jXT98Ad8A3TB1Ue50jsCbSSSyuazScEuZ/Q026vHbrOTVkmwA+7Q==}

  '@types/node@22.10.1':
    resolution: {integrity: sha512-qKgsUwfHZV2WCWLAnVP1JqnpE6Im6h3Y0+fYgMTasNQ7V++CBX5OT1as0g0f+OyubbFqhf6XVNIsmN4IIhEgGQ==}

  abstract-level@1.0.4:
    resolution: {integrity: sha512-eUP/6pbXBkMbXFdx4IH2fVgvB7M0JvR7/lIL33zcs0IBcwjdzSSl31TOJsaCzmKSSDF9h8QYSOJux4Nd4YJqFg==}
    engines: {node: '>=12'}

  ansi-regex@5.0.1:
    resolution: {integrity: sha512-quJQXlTSUGL2LH9SUXo8VwsY4soanhgo6LNSm84E1LBcE8s3O0wpdiRzyR9z/ZZJMlMWv37qOOb9pdJlMUEKFQ==}
    engines: {node: '>=8'}

  ansi-styles@4.3.0:
    resolution: {integrity: sha512-zbB9rCJAT1rbjiVDb2hqKFHNYLxgtk8NURxZ3IZwD3F6NtxbXZQCnnSi1Lkx+IDohdPlFp222wVALIheZJQSEg==}
    engines: {node: '>=8'}

  asn1js@3.0.5:
    resolution: {integrity: sha512-FVnvrKJwpt9LP2lAMl8qZswRNm3T4q9CON+bxldk2iwk3FFpuwhx2FfinyitizWHsVYyaY+y5JzDR0rCMV5yTQ==}
    engines: {node: '>=12.0.0'}

  base64-js@1.5.1:
    resolution: {integrity: sha512-AKpaYlHn8t4SVbOHCy+b5+KKgvR4vrsD8vbvrbiQJps7fKDTkjkDry6ji0rUJjC0kzbNePLwzxq8iypo41qeWA==}

  browser-level@1.0.1:
    resolution: {integrity: sha512-XECYKJ+Dbzw0lbydyQuJzwNXtOpbMSq737qxJN11sIRTErOMShvDpbzTlgju7orJKvx4epULolZAuJGLzCmWRQ==}

  buffer@6.0.3:
    resolution: {integrity: sha512-FTiCpNxtwiZZHEZbcbTIcZjERVICn9yq/pDFkTl95/AxzD1naBctN7YO68riM/gLSDY7sdrMby8hofADYuuqOA==}

  catering@2.1.1:
    resolution: {integrity: sha512-K7Qy8O9p76sL3/3m7/zLKbRkyOlSZAgzEaLhyj2mXS8PsCud2Eo4hAb8aLtZqHh0QGqLcb9dlJSu6lHRVENm1w==}
    engines: {node: '>=6'}

  cborg@4.2.7:
    resolution: {integrity: sha512-zHTUAm+HAoRLtGEQ1b28HXBm8d/5YP+7eiSKzEu/mpFkptGYaMQCHv15OiQBuyNlIgbCBXvBbZQPl3xvcZTJXg==}
    hasBin: true

  classic-level@1.4.1:
    resolution: {integrity: sha512-qGx/KJl3bvtOHrGau2WklEZuXhS3zme+jf+fsu6Ej7W7IP/C49v7KNlWIsT1jZu0YnfzSIYDGcEWpCa1wKGWXQ==}
    engines: {node: '>=12'}

  cliui@8.0.1:
    resolution: {integrity: sha512-BSeNnyus75C4//NQ9gQt1/csTXyo/8Sb+afLAkzAptFuMsod9HFokGNudZpi/oQV73hnVK+sR+5PVRMd+Dr7YQ==}
    engines: {node: '>=12'}

  color-convert@2.0.1:
    resolution: {integrity: sha512-RRECPsj7iu/xb5oKYcsFHSppFNnsj/52OVTRKb4zP5onXwVF3zVmmToNcOfGC+CRDpfK/U584fMg38ZHCaElKQ==}
    engines: {node: '>=7.0.0'}

  color-name@1.1.4:
    resolution: {integrity: sha512-dOy+3AuW3a2wNbZHIuMZpTcgjGuLU/uBL/ubcZF9OXbDo8ff4O8yVp5Bf0efS8uEoYo5q4Fx7dY9OgQGXgAsQA==}

  dns-packet@5.6.1:
    resolution: {integrity: sha512-l4gcSouhcgIKRvyy99RNVOgxXiicE+2jZoNmaNmZ6JXiGajBOJAesk1OBlJuM5k2c+eudGdLxDqXuPCKIj6kpw==}
    engines: {node: '>=6'}

  dotenv@16.4.5:
    resolution: {integrity: sha512-ZmdL2rui+eB2YwhsWzjInR8LldtZHGDoQ1ugH85ppHKwpUHL7j7rN0Ti9NCnGiQbhaZ11FpR+7ao1dNsmduNUg==}
    engines: {node: '>=12'}

  emoji-regex@8.0.0:
    resolution: {integrity: sha512-MSjYzcWNOA0ewAHpz0MxpYFvwg6yjy1NG3xteoqz644VCo/RPgnr1/GGt+ic3iJTzQ8Eu3TdM14SawnVUmGE6A==}

  escalade@3.2.0:
    resolution: {integrity: sha512-WUj2qlxaQtO4g6Pq5c29GTcWGDyd8itL8zTlipgECz3JesAiiOKotd8JU6otB3PACgG6xkJUyVhboMS+bje/jA==}
    engines: {node: '>=6'}

  eventemitter3@5.0.1:
    resolution: {integrity: sha512-GWkBvjiSZK87ELrYOSESUYeVIc9mvLLf/nXalMOS5dYrgZq9o5OVkbZAVM06CVxYsCwH9BDZFPlQTlPA1j4ahA==}

  get-caller-file@2.0.5:
    resolution: {integrity: sha512-DyFP3BM/3YHTQOCUL/w0OZHR0lpKeGrxotcHWcqNEdnltqFwXVfhEBQ94eIo34AfQpo0rGki4cyIiftY06h2Fg==}
    engines: {node: 6.* || 8.* || >= 10.*}

  hashlru@2.3.0:
    resolution: {integrity: sha512-0cMsjjIC8I+D3M44pOQdsy0OHXGLVz6Z0beRuufhKa0KfaD2wGwAev6jILzXsd3/vpnNQJmWyZtIILqM1N+n5A==}

  ieee754@1.2.1:
    resolution: {integrity: sha512-dcyqhDvX1C46lXZcVqCpK+FtMRQVdIMN6/Df5js2zouUsqG7I6sFxitIC+7KYK29KdXOLHdu9zL4sFnoVQnqaA==}

  immediate@3.0.6:
    resolution: {integrity: sha512-XXOFtyqDjNDAQxVfYxuF7g9Il/IbWmmlQg2MYKOH8ExIT1qg6xc4zyS3HaEEATgs1btfzxq15ciUiY7gjSXRGQ==}

  inherits@2.0.4:
    resolution: {integrity: sha512-k/vGaX4/Yla3WzyMCvTQOXYeIHvqOKtnqBduzTHpzpQZzAskKMhZ2K+EnBiSM9zGSoIFeMpXKxa4dYeZIQqewQ==}

  is-buffer@2.0.5:
    resolution: {integrity: sha512-i2R6zNFDwgEHJyQUtJEk0XFi1i0dPFn/oqjK3/vPCcDeJvW5NQ83V8QbicfF1SupOaB0h8ntgBC2YiE7dfyctQ==}
    engines: {node: '>=4'}

  is-fullwidth-code-point@3.0.0:
    resolution: {integrity: sha512-zymm5+u+sCsSWyD9qNaejV3DFvhCKclKdizYaJUuHA83RLjb7nSuGnddCHGv0hk+KY7BMAlsWeK4Ueg6EV6XQg==}
    engines: {node: '>=8'}

  it-merge@3.0.5:
    resolution: {integrity: sha512-2l7+mPf85pyRF5pqi0dKcA54E5Jm/2FyY5GsOaN51Ta0ipC7YZ3szuAsH8wOoB6eKY4XsU4k2X+mzPmFBMayEA==}

  it-pipe@3.0.1:
    resolution: {integrity: sha512-sIoNrQl1qSRg2seYSBH/3QxWhJFn9PKYvOf/bHdtCBF0bnghey44VyASsWzn5dAx0DCDDABq1hZIuzKmtBZmKA==}
    engines: {node: '>=16.0.0', npm: '>=7.0.0'}

  it-pushable@3.2.3:
    resolution: {integrity: sha512-gzYnXYK8Y5t5b/BnJUr7glfQLO4U5vyb05gPx/TyTw+4Bv1zM9gFk4YsOrnulWefMewlphCjKkakFvj1y99Tcg==}

  it-stream-types@2.0.2:
    resolution: {integrity: sha512-Rz/DEZ6Byn/r9+/SBCuJhpPATDF9D+dz5pbgSUyBsCDtza6wtNATrz/jz1gDyNanC3XdLboriHnOC925bZRBww==}

  level-supports@4.0.1:
    resolution: {integrity: sha512-PbXpve8rKeNcZ9C1mUicC9auIYFyGpkV9/i6g76tLgANwWhtG2v7I4xNBUlkn3lE2/dZF3Pi0ygYGtLc4RXXdA==}
    engines: {node: '>=12'}

  level-transcoder@1.0.1:
    resolution: {integrity: sha512-t7bFwFtsQeD8cl8NIoQ2iwxA0CL/9IFw7/9gAjOonH0PWTTiRfY7Hq+Ejbsxh86tXobDQ6IOiddjNYIfOBs06w==}
    engines: {node: '>=12'}

  level@8.0.1:
    resolution: {integrity: sha512-oPBGkheysuw7DmzFQYyFe8NAia5jFLAgEnkgWnK3OXAuJr8qFT+xBQIwokAZPME2bhPFzS8hlYcL16m8UZrtwQ==}
    engines: {node: '>=12'}

  lie@3.1.1:
    resolution: {integrity: sha512-RiNhHysUjhrDQntfYSfY4MU24coXXdEOgw9WGcKHNeEwffDYbF//u87M1EWaMGzuFoSbqW0C9C6lEEhDOAswfw==}

  localforage@1.10.0:
    resolution: {integrity: sha512-14/H1aX7hzBBmmh7sGPd+AOMkkIrHM3Z1PAyGgZigA1H1p5O5ANnMyWzvpAETtG68/dC4pC0ncy3+PPGzXZHPg==}

  lru@3.1.0:
    resolution: {integrity: sha512-5OUtoiVIGU4VXBOshidmtOsvBIvcQR6FD/RzWSvaeHyxCGB+PCUCu+52lqMfdc0h/2CLvHhZS4TwUmMQrrMbBQ==}
    engines: {node: '>= 0.4.0'}

  module-error@1.0.2:
    resolution: {integrity: sha512-0yuvsqSCv8LbaOKhnsQ/T5JhyFlCYLPXK3U2sgV10zoKQwzs/MyfuQUOZQ1V/6OCOJsK/TRgNVrPuPDqtdMFtA==}
    engines: {node: '>=10'}

  multiformats@12.1.3:
    resolution: {integrity: sha512-eajQ/ZH7qXZQR2AgtfpmSMizQzmyYVmCql7pdhldPuYQi4atACekbJaQplk6dWyIi10jCaFnd6pqvcEFXjbaJw==}
    engines: {node: '>=16.0.0', npm: '>=7.0.0'}

  multiformats@13.3.1:
    resolution: {integrity: sha512-QxowxTNwJ3r5RMctoGA5p13w5RbRT2QDkoM+yFlqfLiioBp78nhDjnRLvmSBI9+KAqN4VdgOVWM9c0CHd86m3g==}

  napi-macros@2.2.2:
    resolution: {integrity: sha512-hmEVtAGYzVQpCKdbQea4skABsdXW4RUh5t5mJ2zzqowJS2OyXZTU1KhDVFhx+NlWZ4ap9mqR9TcDO3LTTttd+g==}

  node-gyp-build@4.8.4:
    resolution: {integrity: sha512-LA4ZjwlnUblHVgq0oBF3Jl/6h/Nvs5fzBLwdEF4nuxnFdsfajde4WfxtJr3CaiH+F6ewcIB/q4jQ4UzPyid+CQ==}
    hasBin: true

  p-defer@4.0.1:
    resolution: {integrity: sha512-Mr5KC5efvAK5VUptYEIopP1bakB85k2IWXaRC0rsh1uwn1L6M0LVml8OIQ4Gudg4oyZakf7FmeRLkMMtZW1i5A==}
    engines: {node: '>=12'}

  p-queue@8.0.1:
    resolution: {integrity: sha512-NXzu9aQJTAzbBqOt2hwsR63ea7yvxJc0PwN/zobNAudYfb1B7R08SzB4TsLeSbUCuG467NhnoT0oO6w1qRO+BA==}
    engines: {node: '>=18'}

  p-timeout@6.1.3:
    resolution: {integrity: sha512-UJUyfKbwvr/uZSV6btANfb+0t/mOhKV/KXcCUTp8FcQI+v/0d+wXqH4htrW0E4rR6WiEO/EPvUFiV9D5OI4vlw==}
    engines: {node: '>=14.16'}

  progress-events@1.0.1:
    resolution: {integrity: sha512-MOzLIwhpt64KIVN64h1MwdKWiyKFNc/S6BoYKPIVUHFg0/eIEyBulhWCgn678v/4c0ri3FdGuzXymNCv02MUIw==}

  protons-runtime@5.5.0:
    resolution: {integrity: sha512-EsALjF9QsrEk6gbCx3lmfHxVN0ah7nG3cY7GySD4xf4g8cr7g543zB88Foh897Sr1RQJ9yDCUsoT1i1H/cVUFA==}

  pvtsutils@1.3.6:
    resolution: {integrity: sha512-PLgQXQ6H2FWCaeRak8vvk1GW462lMxB5s3Jm673N82zI4vqtVUPuZdffdZbPDFRoU8kAhItWFtPCWiPpp4/EDg==}

  pvutils@1.1.3:
    resolution: {integrity: sha512-pMpnA0qRdFp32b1sJl1wOJNxZLQ2cbQx+k6tjNtZ8CpvVhNqEPRgivZ2WOUev2YMajecdH7ctUPDvEe87nariQ==}
    engines: {node: '>=6.0.0'}

  queue-microtask@1.2.3:
    resolution: {integrity: sha512-NuaNSa6flKT5JaSYQzJok04JzTL1CA6aGhv5rfLW3PgqA+M2ChpZQnAC8h8i4ZFkBS8X5RqkDBHA7r4hej3K9A==}

  require-directory@2.1.1:
    resolution: {integrity: sha512-fGxEI7+wsG9xrvdjsrlmL22OMTTiHRwAMroiEeMgq8gzoLC/PQr7RsRDSTLUg/bZAZtF+TVIkHc6/4RIKrui+Q==}
    engines: {node: '>=0.10.0'}

  retimer@3.0.0:
    resolution: {integrity: sha512-WKE0j11Pa0ZJI5YIk0nflGI7SQsfl2ljihVy7ogh7DeQSeYAUi0ubZ/yEueGtDfUPk6GH5LRw1hBdLq4IwUBWA==}

  run-parallel-limit@1.1.0:
    resolution: {integrity: sha512-jJA7irRNM91jaKc3Hcl1npHsFLOXOoTkPCUL1JEa1R82O2miplXXRaGdjW/KM/98YQWDhJLiSs793CnXfblJUw==}

  string-width@4.2.3:
    resolution: {integrity: sha512-wKyQRQpjJ0sIp62ErSZdGsjMJWsap5oRNihHhu6G7JVO/9jIB6UyevL+tXuOqrng8j/cxKTWyWUwvSTriiZz/g==}
    engines: {node: '>=8'}

  strip-ansi@6.0.1:
    resolution: {integrity: sha512-Y38VPSHcqkFrCpFnQ9vuSXmquuv5oXOKpGeT6aGrr3o3Gc9AlVa6JBfUSOCnbxGGZF+/0ooI7KrPuUSztUdU5A==}
    engines: {node: '>=8'}

  timeout-abort-controller@3.0.0:
    resolution: {integrity: sha512-O3e+2B8BKrQxU2YRyEjC/2yFdb33slI22WRdUaDx6rvysfi9anloNZyR2q0l6LnePo5qH7gSM7uZtvvwZbc2yA==}

  tslib@2.8.1:
    resolution: {integrity: sha512-oJFu94HQb+KVduSUQL7wnpmqnfmLsOA/nAh6b6EH0wCEoK0/mPeXU6c3wKDV83MkOuHPRHtSXKKU99IBazS/2w==}

  uint8-varint@2.0.4:
    resolution: {integrity: sha512-FwpTa7ZGA/f/EssWAb5/YV6pHgVF1fViKdW8cWaEarjB8t7NyofSWBdOTyFPaGuUG4gx3v1O3PQ8etsiOs3lcw==}

  uint8arraylist@2.4.8:
    resolution: {integrity: sha512-vc1PlGOzglLF0eae1M8mLRTBivsvrGsdmJ5RbK3e+QRvRLOZfZhQROTwH/OfyF3+ZVUg9/8hE8bmKP2CvP9quQ==}

  uint8arrays@5.1.0:
    resolution: {integrity: sha512-vA6nFepEmlSKkMBnLBaUMVvAC4G3CTmO58C12y4sq6WPDOR7mOFYOi7GlrQ4djeSbP6JG9Pv9tJDM97PedRSww==}

  undici-types@6.20.0:
    resolution: {integrity: sha512-Ny6QZ2Nju20vw1SRHe3d9jVu6gJ+4e3+MMpqu7pqE5HT6WsTSlce++GQmK5UXS8mzV8DSYHrQH+Xrf2jVcuKNg==}

  wrap-ansi@7.0.0:
    resolution: {integrity: sha512-YVGIj2kamLSTxw6NsZjoBxfSwsn0ycdesmc4p+Q21c5zPuZ1pl+NfxVdxPtdHvmNVOQ6XSYG4AUtyt/Fi7D16Q==}
    engines: {node: '>=10'}

  y18n@5.0.8:
    resolution: {integrity: sha512-0pfFzegeDWJHJIAmTLRP2DwHjdF5s7jo9tuztdQxAhINCdvS+3nGINqPd00AphqJR/0LhANUS6/+7SCb98YOfA==}
    engines: {node: '>=10'}

  yargs-parser@21.1.1:
    resolution: {integrity: sha512-tVpsJW7DdjecAiFpbIB1e3qxIQsE6NoPc5/eTdrbbIC4h0LVsWhnoa3g+m2HclBIujHzsxZ4VJVA+GUuc2/LBw==}
    engines: {node: '>=12'}

  yargs@17.7.2:
    resolution: {integrity: sha512-7dSzzRQ++CKnNI/krKnYRV7JKKPUXMEh61soaHKg9mrWEhzFWhFnxPxGl+69cD1Ou63C13NUPCnmIcrvqCuM6w==}
    engines: {node: '>=12'}

snapshots:

  '@chainsafe/is-ip@2.0.2': {}

  '@chainsafe/netmask@2.0.0':
    dependencies:
      '@chainsafe/is-ip': 2.0.2

  '@doichain/orbitdb@2.4.3':
    dependencies:
      '@ipld/dag-cbor': 9.2.2
      '@libp2p/crypto': 5.0.7
      it-pipe: 3.0.1
      level: 8.0.1
      lru: 3.1.0
      multiformats: 12.1.3
      p-queue: 8.0.1
      timeout-abort-controller: 3.0.0
      uint8arrays: 5.1.0

  '@ipld/dag-cbor@9.2.2':
    dependencies:
      cborg: 4.2.7
      multiformats: 13.3.1

  '@leichtgewicht/ip-codec@2.0.5': {}

  '@libp2p/crypto@5.0.7':
    dependencies:
      '@libp2p/interface': 2.2.1
      '@noble/curves': 1.7.0
      '@noble/hashes': 1.6.1
      asn1js: 3.0.5
      multiformats: 13.3.1
      protons-runtime: 5.5.0
      uint8arraylist: 2.4.8
      uint8arrays: 5.1.0

  '@libp2p/interface@2.2.1':
    dependencies:
      '@multiformats/multiaddr': 12.3.4
      it-pushable: 3.2.3
      it-stream-types: 2.0.2
      multiformats: 13.3.1
      progress-events: 1.0.1
      uint8arraylist: 2.4.8

  '@multiformats/dns@1.0.6':
    dependencies:
      '@types/dns-packet': 5.6.5
      buffer: 6.0.3
      dns-packet: 5.6.1
      hashlru: 2.3.0
      p-queue: 8.0.1
      progress-events: 1.0.1
      uint8arrays: 5.1.0

  '@multiformats/multiaddr@12.3.4':
    dependencies:
      '@chainsafe/is-ip': 2.0.2
      '@chainsafe/netmask': 2.0.0
      '@multiformats/dns': 1.0.6
      multiformats: 13.3.1
      uint8-varint: 2.0.4
      uint8arrays: 5.1.0

  '@noble/curves@1.7.0':
    dependencies:
      '@noble/hashes': 1.6.0

  '@noble/hashes@1.6.0': {}

  '@noble/hashes@1.6.1': {}

  '@types/dns-packet@5.6.5':
    dependencies:
      '@types/node': 22.10.1

  '@types/node@22.10.1':
    dependencies:
      undici-types: 6.20.0

  abstract-level@1.0.4:
    dependencies:
      buffer: 6.0.3
      catering: 2.1.1
      is-buffer: 2.0.5
      level-supports: 4.0.1
      level-transcoder: 1.0.1
      module-error: 1.0.2
      queue-microtask: 1.2.3

  ansi-regex@5.0.1: {}

  ansi-styles@4.3.0:
    dependencies:
      color-convert: 2.0.1

  asn1js@3.0.5:
    dependencies:
      pvtsutils: 1.3.6
      pvutils: 1.1.3
      tslib: 2.8.1

  base64-js@1.5.1: {}

  browser-level@1.0.1:
    dependencies:
      abstract-level: 1.0.4
      catering: 2.1.1
      module-error: 1.0.2
      run-parallel-limit: 1.1.0

  buffer@6.0.3:
    dependencies:
      base64-js: 1.5.1
      ieee754: 1.2.1

  catering@2.1.1: {}

  cborg@4.2.7: {}

  classic-level@1.4.1:
    dependencies:
      abstract-level: 1.0.4
      catering: 2.1.1
      module-error: 1.0.2
      napi-macros: 2.2.2
      node-gyp-build: 4.8.4

  cliui@8.0.1:
    dependencies:
      string-width: 4.2.3
      strip-ansi: 6.0.1
      wrap-ansi: 7.0.0

  color-convert@2.0.1:
    dependencies:
      color-name: 1.1.4

  color-name@1.1.4: {}

  dns-packet@5.6.1:
    dependencies:
      '@leichtgewicht/ip-codec': 2.0.5

  dotenv@16.4.5: {}

  emoji-regex@8.0.0: {}

  escalade@3.2.0: {}

  eventemitter3@5.0.1: {}

  get-caller-file@2.0.5: {}

  hashlru@2.3.0: {}

  ieee754@1.2.1: {}

  immediate@3.0.6: {}

  inherits@2.0.4: {}

  is-buffer@2.0.5: {}

  is-fullwidth-code-point@3.0.0: {}

  it-merge@3.0.5:
    dependencies:
      it-pushable: 3.2.3

  it-pipe@3.0.1:
    dependencies:
      it-merge: 3.0.5
      it-pushable: 3.2.3
      it-stream-types: 2.0.2

  it-pushable@3.2.3:
    dependencies:
      p-defer: 4.0.1

  it-stream-types@2.0.2: {}

  level-supports@4.0.1: {}

  level-transcoder@1.0.1:
    dependencies:
      buffer: 6.0.3
      module-error: 1.0.2

  level@8.0.1:
    dependencies:
      abstract-level: 1.0.4
      browser-level: 1.0.1
      classic-level: 1.4.1

  lie@3.1.1:
    dependencies:
      immediate: 3.0.6

  localforage@1.10.0:
    dependencies:
      lie: 3.1.1

  lru@3.1.0:
    dependencies:
      inherits: 2.0.4

  module-error@1.0.2: {}

  multiformats@12.1.3: {}

  multiformats@13.3.1: {}

  napi-macros@2.2.2: {}

  node-gyp-build@4.8.4: {}

  p-defer@4.0.1: {}

  p-queue@8.0.1:
    dependencies:
      eventemitter3: 5.0.1
      p-timeout: 6.1.3

  p-timeout@6.1.3: {}

  progress-events@1.0.1: {}

  protons-runtime@5.5.0:
    dependencies:
      uint8-varint: 2.0.4
      uint8arraylist: 2.4.8
      uint8arrays: 5.1.0

  pvtsutils@1.3.6:
    dependencies:
      tslib: 2.8.1

  pvutils@1.1.3: {}

  queue-microtask@1.2.3: {}

  require-directory@2.1.1: {}

  retimer@3.0.0: {}

  run-parallel-limit@1.1.0:
    dependencies:
      queue-microtask: 1.2.3

  string-width@4.2.3:
    dependencies:
      emoji-regex: 8.0.0
      is-fullwidth-code-point: 3.0.0
      strip-ansi: 6.0.1

  strip-ansi@6.0.1:
    dependencies:
      ansi-regex: 5.0.1

  timeout-abort-controller@3.0.0:
    dependencies:
      retimer: 3.0.0

  tslib@2.8.1: {}

  uint8-varint@2.0.4:
    dependencies:
      uint8arraylist: 2.4.8
      uint8arrays: 5.1.0

  uint8arraylist@2.4.8:
    dependencies:
      uint8arrays: 5.1.0

  uint8arrays@5.1.0:
    dependencies:
      multiformats: 13.3.1

  undici-types@6.20.0: {}

  wrap-ansi@7.0.0:
    dependencies:
      ansi-styles: 4.3.0
      string-width: 4.2.3
      strip-ansi: 6.0.1

  y18n@5.0.8: {}

  yargs-parser@21.1.1: {}

  yargs@17.7.2:
    dependencies:
      cliui: 8.0.1
      escalade: 3.2.0
      get-caller-file: 2.0.5
      require-directory: 2.1.1
      string-width: 4.2.3
      y18n: 5.0.8
      yargs-parser: 21.1.1
